Microsoft Visual Studio Solution File, Format Version 12.00
# Visual Studio Version 17
VisualStudioVersion = 17.5.2.0
MinimumVisualStudioVersion = 10.0.40219.1
Project("{FAE04EC0-301F-11D3-BF4B-00C04F79EFBC}") = "PokemonTcgApi", "PokemonTcgApi.csproj", "{F56EB917-84DF-2CFA-C4AD-C3FF0376FEDF}"
EndProject
Global
	GlobalSection(SolutionConfigurationPlatforms) = preSolution
		Debug|Any CPU = Debug|Any CPU
		Release|Any CPU = Release|Any CPU
	EndGlobalSection
	GlobalSection(ProjectConfigurationPlatforms) = postSolution
		{F56EB917-84DF-2CFA-C4AD-C3FF0376FEDF}.Debug|Any CPU.ActiveCfg = Debug|Any CPU
		{F56EB917-84DF-2CFA-C4AD-C3FF0376FEDF}.Debug|Any CPU.Build.0 = Debug|Any CPU
		{F56EB917-84DF-2CFA-C4AD-C3FF0376FEDF}.Release|Any CPU.ActiveCfg = Release|Any CPU
		{F56EB917-84DF-2CFA-C4AD-C3FF0376FEDF}.Release|Any CPU.Build.0 = Release|Any CPU
	EndGlobalSection
	GlobalSection(SolutionProperties) = preSolution
		HideSolutionNode = FALSE
	EndGlobalSection
	GlobalSection(ExtensibilityGlobals) = postSolution
		SolutionGuid = {11363CC8-AC02-487C-9BC6-E032AAFB71B3}
	EndGlobalSection
EndGlobal
